Microsoft Visual Studio Solution File, Format Version 12.00
# Visual Studio Version 17
VisualStudioVersion = 17.5.2.0
MinimumVisualStudioVersion = 10.0.40219.1
Project("{FAE04EC0-301F-11D3-BF4B-00C04F79EFBC}") = "ToxMoxMicFreezer.App", "ToxMoxMicFreezer.App.csproj", "{44A55CA5-BAEC-3F5C-BB20-C55BE05C3670}"
EndProject
Global
	GlobalSection(SolutionConfigurationPlatforms) = preSolution
		Debug|Any CPU = Debug|Any CPU
		Release|Any CPU = Release|Any CPU
	EndGlobalSection
	GlobalSection(ProjectConfigurationPlatforms) = postSolution
		{44A55CA5-BAEC-3F5C-BB20-C55BE05C3670}.Debug|Any CPU.ActiveCfg = Debug|Any CPU
		{44A55CA5-BAEC-3F5C-BB20-C55BE05C3670}.Debug|Any CPU.Build.0 = Debug|Any CPU
		{44A55CA5-BAEC-3F5C-BB20-C55BE05C3670}.Release|Any CPU.ActiveCfg = Release|Any CPU
		{44A55CA5-BAEC-3F5C-BB20-C55BE05C3670}.Release|Any CPU.Build.0 = Release|Any CPU
	EndGlobalSection
	GlobalSection(SolutionProperties) = preSolution
		HideSolutionNode = FALSE
	EndGlobalSection
	GlobalSection(ExtensibilityGlobals) = postSolution
		SolutionGuid = {00949EB5-1A0F-4441-BB9D-5988C13924C6}
	EndGlobalSection
EndGlobal
